dependencies:
- name: auth-api
  repository: file://charts/auth-api
  version: 0.1.0
- name: todos-api
  repository: file://charts/todos-api
  version: 0.1.0
- name: users-api
  repository: file://charts/users-api
  version: 0.1.0
- name: log-message-processor
  repository: file://charts/log-message-processor
  version: 0.1.0
digest: sha256:1cd95c8387f15f5a31517574c956d77c2d0f0b0dca1603c097f1a00a0603cc0c
generated: "2026-03-04T15:32:42.872771-05:00"
