dependencies:
- name: frontend
  repository: file://./frontend
  version: 0.2.0
- name: auth-api
  repository: file://./microservice/charts/auth-api
  version: 0.1.0
- name: log-message-processor
  repository: file://./microservice/charts/log-message-processor
  version: 0.1.0
- name: redis
  repository: file://./microservice/charts/redis
  version: 0.1.0
- name: todos-api
  repository: file://./microservice/charts/todos-api
  version: 0.1.0
- name: users-api
  repository: file://./microservice/charts/users-api
  version: 0.1.0
- name: gateway-infra
  repository: file://./gateway-infra
  version: 0.2.0
- name: gateway-controller
  repository: file://./gateway-controller
  version: 0.1.0
- name: routes
  repository: file://./routes
  version: 0.1.0
digest: sha256:7a5616314eef29218050c407baf8b5182fc98f4cdf9a91b90f64923a22b5f357
generated: "2026-03-11T23:27:05.387022345-05:00"
