dependencies:
- name: frontend
  repository: file://./frontend/charts
  version: 0.2.0
- name: auth-api
  repository: file://./microservice/charts/auth-api
  version: 0.1.0
- name: log-message-processor
  repository: file://./microservice/charts/log-message-processor
  version: 0.1.0
- name: redis
  repository: file://./microservice/charts/redis
  version: 0.1.0
- name: todos-api
  repository: file://./microservice/charts/todos-api
  version: 0.1.0
- name: users-api
  repository: file://./microservice/charts/users-api
  version: 0.1.0
- name: gateway-infra
  repository: file://./gateway-infra/charts
  version: 0.2.0
- name: gateway-controller
  repository: file://./gateway-controller/charts
  version: 0.1.0
- name: routes
  repository: file://./routes/charts
  version: 0.1.0
digest: sha256:8c93bf5d3f91c2acc5758eebc54fdbd397781f3a6c4b4e790a33e997bd9367a6
generated: "2026-03-08T12:52:10.676268874-05:00"
